
Microsoft Visual Studio Solution File, Format Version 12.00
# Visual Studio Version 16
VisualStudioVersion = 16.0.29215.179
MinimumVisualStudioVersion = 15.0.26124.0
Project("{9A19103F-16F7-4668-BE54-9A1E7A4F7556}") = "CostIncomeCalculator", "CostIncomeCalculator\CostIncomeCalculator.csproj", "{455770CF-90FD-45B3-9C07-5509E4924E9D}"
EndProject
Project("{FAE04EC0-301F-11D3-BF4B-00C04F79EFBC}") = "CostIncomeCalculator.Tests", "CostIncomeCalculator.Tests\CostIncomeCalculator.Tests.csproj", "{E11013A4-2D36-4077-9F78-FB1AA312F7E3}"
EndProject
Global
	GlobalSection(SolutionConfigurationPlatforms) = preSolution
		Debug|Any CPU = Debug|Any CPU
		Debug|x64 = Debug|x64
		Debug|x86 = Debug|x86
		Release|Any CPU = Release|Any CPU
		Release|x64 = Release|x64
		Release|x86 = Release|x86
	EndGlobalSection
	GlobalSection(ProjectConfigurationPlatforms) = postSolution
		{455770CF-90FD-45B3-9C07-5509E4924E9D}.Debug|Any CPU.ActiveCfg = Debug|Any CPU
		{455770CF-90FD-45B3-9C07-5509E4924E9D}.Debug|Any CPU.Build.0 = Debug|Any CPU
		{455770CF-90FD-45B3-9C07-5509E4924E9D}.Debug|x64.ActiveCfg = Debug|Any CPU
		{455770CF-90FD-45B3-9C07-5509E4924E9D}.Debug|x64.Build.0 = Debug|Any CPU
		{455770CF-90FD-45B3-9C07-5509E4924E9D}.Debug|x86.ActiveCfg = Debug|Any CPU
		{455770CF-90FD-45B3-9C07-5509E4924E9D}.Debug|x86.Build.0 = Debug|Any CPU
		{455770CF-90FD-45B3-9C07-5509E4924E9D}.Release|Any CPU.ActiveCfg = Release|Any CPU
		{455770CF-90FD-45B3-9C07-5509E4924E9D}.Release|Any CPU.Build.0 = Release|Any CPU
		{455770CF-90FD-45B3-9C07-5509E4924E9D}.Release|x64.ActiveCfg = Release|Any CPU
		{455770CF-90FD-45B3-9C07-5509E4924E9D}.Release|x64.Build.0 = Release|Any CPU
		{455770CF-90FD-45B3-9C07-5509E4924E9D}.Release|x86.ActiveCfg = Release|Any CPU
		{455770CF-90FD-45B3-9C07-5509E4924E9D}.Release|x86.Build.0 = Release|Any CPU
		{E11013A4-2D36-4077-9F78-FB1AA312F7E3}.Debug|Any CPU.ActiveCfg = Debug|Any CPU
		{E11013A4-2D36-4077-9F78-FB1AA312F7E3}.Debug|Any CPU.Build.0 = Debug|Any CPU
		{E11013A4-2D36-4077-9F78-FB1AA312F7E3}.Debug|x64.ActiveCfg = Debug|Any CPU
		{E11013A4-2D36-4077-9F78-FB1AA312F7E3}.Debug|x64.Build.0 = Debug|Any CPU
		{E11013A4-2D36-4077-9F78-FB1AA312F7E3}.Debug|x86.ActiveCfg = Debug|Any CPU
		{E11013A4-2D36-4077-9F78-FB1AA312F7E3}.Debug|x86.Build.0 = Debug|Any CPU
		{E11013A4-2D36-4077-9F78-FB1AA312F7E3}.Release|Any CPU.ActiveCfg = Release|Any CPU
		{E11013A4-2D36-4077-9F78-FB1AA312F7E3}.Release|Any CPU.Build.0 = Release|Any CPU
		{E11013A4-2D36-4077-9F78-FB1AA312F7E3}.Release|x64.ActiveCfg = Release|Any CPU
		{E11013A4-2D36-4077-9F78-FB1AA312F7E3}.Release|x64.Build.0 = Release|Any CPU
		{E11013A4-2D36-4077-9F78-FB1AA312F7E3}.Release|x86.ActiveCfg = Release|Any CPU
		{E11013A4-2D36-4077-9F78-FB1AA312F7E3}.Release|x86.Build.0 = Release|Any CPU
	EndGlobalSection
	GlobalSection(SolutionProperties) = preSolution
		HideSolutionNode = FALSE
	EndGlobalSection
	GlobalSection(ExtensibilityGlobals) = postSolution
		SolutionGuid = {96E726DB-0B13-459E-9408-D2F3629DF085}
	EndGlobalSection
EndGlobal
